{
  "lockfileVersion": 1,
  "configVersion": 1,
  "workspaces": {
    "": {
      "name": "rorschach",
      "dependencies": {
        "@grafeo-db/js": "^0.5.41",
        "cron-parser": "^5.5.0",
        "googleapis": "^171.4.0",
        "just-bash": "^3.0.1",
        "lit": "^3.3.3",
        "unpdf": "^1.6.2",
      },
      "devDependencies": {
        "@types/bun": "^1.3.13",
        "@types/jsdom": "^28.0.3",
        "jsdom": "^29.1.1",
      },
      "peerDependencies": {
        "typescript": "^5.9.3",
      },
    },
  },
  "packages": {
    "@asamuzakjp/css-color": ["@asamuzakjp/css-color@5.1.11", "", { "dependencies": { "@asamuzakjp/generational-cache": "^1.0.1", "@csstools/css-calc": "^3.2.0", "@csstools/css-color-parser": "^4.1.0", "@csstools/css-parser-algorithms": "^4.0.0", "@csstools/css-tokenizer": "^4.0.0" } }, "sha512-KVw6qIiCTUQhByfTd78h2yD1/00waTmm9uy/R7Ck/ctUyAPj+AEDLkQIdJW0T8+qGgj3j5bpNKK7Q3G+LedJWg=="],

    "@asamuzakjp/dom-selector": ["@asamuzakjp/dom-selector@7.1.1", "", { "dependencies": { "@asamuzakjp/generational-cache": "^1.0.1", "@asamuzakjp/nwsapi": "^2.3.9", "bidi-js": "^1.0.3", "css-tree": "^3.2.1", "is-potential-custom-element-name": "^1.0.1" } }, "sha512-67RZDnYRc8H/8MLDgQCDE//zoqVFwajkepHZgmXrbwybzXOEwOWGPYGmALYl9J2DOLfFPPs6kKCqmbzV895hTQ=="],

    "@asamuzakjp/generational-cache": ["@asamuzakjp/generational-cache@1.0.1", "", {}, "sha512-wajfB8KqzMCN2KGNFdLkReeHncd0AslUSrvHVvvYWuU8ghncRJoA50kT3zP9MVL0+9g4/67H+cdvBskj9THPzg=="],

    "@asamuzakjp/nwsapi": ["@asamuzakjp/nwsapi@2.3.9", "", {}, "sha512-n8GuYSrI9bF7FFZ/SjhwevlHc8xaVlb/7HmHelnc/PZXBD2ZR49NnN9sMMuDdEGPeeRQ5d0hqlSlEpgCX3Wl0Q=="],

    "@borewit/text-codec": ["@borewit/text-codec@0.2.2", "", {}, "sha512-DDaRehssg1aNrH4+2hnj1B7vnUGEjU6OIlyRdkMd0aUdIUvKXrJfXsy8LVtXAy7DRvYVluWbMspsRhz2lcW0mQ=="],

    "@bramus/specificity": ["@bramus/specificity@2.4.2", "", { "dependencies": { "css-tree": "^3.0.0" }, "bin": { "specificity": "bin/cli.js" } }, "sha512-ctxtJ/eA+t+6q2++vj5j7FYX3nRu311q1wfYH3xjlLOsczhlhxAg2FWNUXhpGvAw3BWo1xBcvOV6/YLc2r5FJw=="],

    "@csstools/color-helpers": ["@csstools/color-helpers@6.0.2", "", {}, "sha512-LMGQLS9EuADloEFkcTBR3BwV/CGHV7zyDxVRtVDTwdI2Ca4it0CCVTT9wCkxSgokjE5Ho41hEPgb8OEUwoXr6Q=="],

    "@csstools/css-calc": ["@csstools/css-calc@3.2.1", "", { "peerDependencies": { "@csstools/css-parser-algorithms": "^4.0.0", "@csstools/css-tokenizer": "^4.0.0" } }, "sha512-DtdHlgXh5ZkA43cwBcAm+huzgJiwx3ZTWVjBs94kwz2xKqSimDA3lBgCjphYgwgVUMWatSM0pDd8TILB1yrVVg=="],

    "@csstools/css-color-parser": ["@csstools/css-color-parser@4.1.1", "", { "dependencies": { "@csstools/color-helpers": "^6.0.2", "@csstools/css-calc": "^3.2.1" }, "peerDependencies": { "@csstools/css-parser-algorithms": "^4.0.0", "@csstools/css-tokenizer": "^4.0.0" } }, "sha512-eZ5XOtyhK+mggRafYUWzA0tvaYOFgdY8AkgQiCJF9qNAePnUo/zmsqqYubBBb3sQ8uNUaSKTY9s9klfRaAXL0g=="],

    "@csstools/css-parser-algorithms": ["@csstools/css-parser-algorithms@4.0.0", "", { "peerDependencies": { "@csstools/css-tokenizer": "^4.0.0" } }, "sha512-+B87qS7fIG3L5h3qwJ/IFbjoVoOe/bpOdh9hAjXbvx0o8ImEmUsGXN0inFOnk2ChCFgqkkGFQ+TpM5rbhkKe4w=="],

    "@csstools/css-syntax-patches-for-csstree": ["@csstools/css-syntax-patches-for-csstree@1.1.4", "", { "peerDependencies": { "css-tree": "^3.2.1" }, "optionalPeers": ["css-tree"] }, "sha512-wgsqt92b7C7tQhIdPNxj0n9zuUbQlvAuI1exyzeNrOKOi62SD7ren8zqszmpVREjAOqg8cD2FqYhQfAuKjk4sw=="],

    "@csstools/css-tokenizer": ["@csstools/css-tokenizer@4.0.0", "", {}, "sha512-QxULHAm7cNu72w97JUNCBFODFaXpbDg+dP8b/oWFAZ2MTRppA3U00Y2L1HqaS4J6yBqxwa/Y3nMBaxVKbB/NsA=="],

    "@exodus/bytes": ["@exodus/bytes@1.15.1", "", { "peerDependencies": { "@noble/hashes": "^1.8.0 || ^2.0.0" }, "optionalPeers": ["@noble/hashes"] }, "sha512-S6mL0yNB/Abt9Ei4tq8gDhcczc4S3+vQ4ra7vxnAf+YHC02srtqxKKZghx2Dq6p0e66THKwR6r8N6P95wEty7Q=="],

    "@grafeo-db/js": ["@grafeo-db/js@0.5.41", "", { "optionalDependencies": { "@grafeo-db/js-darwin-arm64": "0.5.41", "@grafeo-db/js-darwin-x64": "0.5.41", "@grafeo-db/js-linux-arm64-gnu": "0.5.41", "@grafeo-db/js-linux-arm64-musl": "0.5.41", "@grafeo-db/js-linux-x64-gnu": "0.5.41", "@grafeo-db/js-win32-x64-msvc": "0.5.41" } }, "sha512-Ylb9r0fj8bl0bzXC0X+2NHGwn/JcRwp5/rxC2Ndcwh2mKeSwBnhnajyMQG2SyTR2qZesubjS3XlrxEy85+jEAg=="],

    "@grafeo-db/js-darwin-arm64": ["@grafeo-db/js-darwin-arm64@0.5.41", "", { "os": "darwin", "cpu": "arm64" }, "sha512-V70B+nwb8GnCv6lDnQdUEH37M0/NqsTNFwgwKi69QZ9No1AFs4B7gq9wisK0Uc0h8CSwl4cdY1jcfZJFZ1SqyQ=="],

    "@grafeo-db/js-darwin-x64": ["@grafeo-db/js-darwin-x64@0.5.41", "", { "os": "darwin", "cpu": "x64" }, "sha512-EsB3swXNh+V4h5idAUfTV3tN98TdVFYYiZJE8+zr1COPzu8Lax8Ex4oYySa5Tm5uLjLv31ETc0jjXW+T+ChJxQ=="],

    "@grafeo-db/js-linux-arm64-gnu": ["@grafeo-db/js-linux-arm64-gnu@0.5.41", "", { "os": "linux", "cpu": "arm64" }, "sha512-K+Tdanv7MwY/5vzXr5z85aNx7YUbKlv97WrdWaRuvU3nC5DgBLFyRBK7Aedh94Dq6AnMY+NZ08+fB3U4ifdatA=="],

    "@grafeo-db/js-linux-arm64-musl": ["@grafeo-db/js-linux-arm64-musl@0.5.41", "", { "os": "linux", "cpu": "arm64" }, "sha512-CaB0y60KKPtgWXjfHQ5Qs0vStutBbVbPme1J1yyueupA7lXQ4o24xEpx4KaGKORSKvMZwgffrSJWVofbK4Puww=="],

    "@grafeo-db/js-linux-x64-gnu": ["@grafeo-db/js-linux-x64-gnu@0.5.41", "", { "os": "linux", "cpu": "x64" }, "sha512-LfptE3Z6jGHTNRAXAVqijT2ywYnAP0+NWHV2j8XW9Z9XWCjs4QASbI7DezOeJkdzVFd0ZFwUpkKu+fsYEABYbQ=="],

    "@grafeo-db/js-win32-x64-msvc": ["@grafeo-db/js-win32-x64-msvc@0.5.41", "", { "os": "win32", "cpu": "x64" }, "sha512-u6hnJW+zVNAR0brqL9M9UkGhR72kis3fdFNLZQF2sP83qiER7qgvQLVMvtKHttCeKf3MRWKLH2jlvRy23i/XSQ=="],

    "@jitl/quickjs-ffi-types": ["@jitl/quickjs-ffi-types@0.32.0", "", {}, "sha512-v9T+GQpmk43VDJ7d72sf0Nexhk+ArvtUihW27dy7lqAl0zBObFKtSBBIm5RBjwIhE8VwsPPm9PNuvPvNqLWUEg=="],

    "@jitl/quickjs-wasmfile-debug-asyncify": ["@jitl/quickjs-wasmfile-debug-asyncify@0.32.0", "", { "dependencies": { "@jitl/quickjs-ffi-types": "0.32.0" } }, "sha512-EX8zbXwGqCgAE764M+qvkHtyXDi/FUoMBea0JnES7vCM3P7a2+EOZOjGv85wtZ2sJhI1oJ+nekmqpOODFDY+hw=="],

    "@jitl/quickjs-wasmfile-debug-sync": ["@jitl/quickjs-wasmfile-debug-sync@0.32.0", "", { "dependencies": { "@jitl/quickjs-ffi-types": "0.32.0" } }, "sha512-LeYWrPGC1uNCTBWvibo3ZLJj0CSVNYUXvJpXMCmuQ5Sap2cCACc3uvGvYV4homHHBAzfw5akoTqMMS4YFRtw+Q=="],

    "@jitl/quickjs-wasmfile-release-asyncify": ["@jitl/quickjs-wasmfile-release-asyncify@0.32.0", "", { "dependencies": { "@jitl/quickjs-ffi-types": "0.32.0" } }, "sha512-3oSwPfja12ICz4aIblB58cuY8JlEq5Txt8Cut4VLo+LH47QN+mzCnSgnbB03hWzg1LBcc+VyyI9UOag7a1NF+Q=="],

    "@jitl/quickjs-wasmfile-release-sync": ["@jitl/quickjs-wasmfile-release-sync@0.32.0", "", { "dependencies": { "@jitl/quickjs-ffi-types": "0.32.0" } }, "sha512-BKNDI/TPBfGlLNGYpLrhcDGXmIk4xHm4MRAisOBnOzpXVn9HZWsfmMAc9WMBrAHjvvds6HOikKeaOBKdPdpVrg=="],

    "@lit-labs/ssr-dom-shim": ["@lit-labs/ssr-dom-shim@1.6.0", "", {}, "sha512-VHb0ALPMTlgKjM6yIxxoQNnpKyUKLD04VzeQdsiXkMqkvYlAHxq9glGLmgbb889/1GsohSOAjvQYoiBppXFqrQ=="],

    "@lit/reactive-element": ["@lit/reactive-element@2.1.2", "", { "dependencies": { "@lit-labs/ssr-dom-shim": "^1.5.0" } }, "sha512-pbCDiVMnne1lYUIaYNN5wrwQXDtHaYtg7YEFPeW+hws6U47WeFvISGUWekPGKWOP1ygrs0ef0o1VJMk1exos5A=="],

    "@mixmark-io/domino": ["@mixmark-io/domino@2.2.0", "", {}, "sha512-Y28PR25bHXUg88kCV7nivXrP2Nj2RueZ3/l/jdx6J9f8J4nsEGcgX0Qe6lt7Pa+J79+kPiJU3LguR6O/6zrLOw=="],

    "@mongodb-js/zstd": ["@mongodb-js/zstd@7.0.0", "", { "dependencies": { "node-addon-api": "^8.5.0", "prebuild-install": "^7.1.3" } }, "sha512-mQ2s0pYYiav+tzCDR05Zptem8Ey2v8s11lri5RKGhTtL4COVCvVCk5vtyRYNT+9L8qSfyOqqefF9UtnW8mC5jA=="],

    "@nodable/entities": ["@nodable/entities@2.1.0", "", {}, "sha512-nyT7T3nbMyBI/lvr6L5TyWbFJAI9FTgVRakNoBqCD+PmID8DzFrrNdLLtHMwMszOtqZa8PAOV24ZqDnQrhQINA=="],

    "@tokenizer/inflate": ["@tokenizer/inflate@0.4.1", "", { "dependencies": { "debug": "^4.4.3", "token-types": "^6.1.1" } }, "sha512-2mAv+8pkG6GIZiF1kNg1jAjh27IDxEPKwdGul3snfztFerfPGI1LjDezZp3i7BElXompqEtPmoPx6c2wgtWsOA=="],

    "@tokenizer/token": ["@tokenizer/token@0.3.0", "", {}, "sha512-OvjF+z51L3ov0OyAU0duzsYuvO01PH7x4t6DJx+guahgTnBHkhJdG7soQeTSFLWN3efnHyibZ4Z8l2EuWwJN3A=="],

    "@types/bun": ["@types/bun@1.3.13", "", { "dependencies": { "bun-types": "1.3.13" } }, "sha512-9fqXWk5YIHGGnUau9TEi+qdlTYDAnOj+xLCmSTwXfAIqXr2x4tytJb43E9uCvt09zJURKXwAtkoH4nLQfzeTXw=="],

    "@types/jsdom": ["@types/jsdom@28.0.3", "", { "dependencies": { "@types/node": "*", "@types/tough-cookie": "*", "parse5": "^8.0.0", "undici-types": "^7.21.0" } }, "sha512-/HQ2uFoetFTXuye8vzIcHw2z6Fwi7Hi/qcgC+RoS9NCyewiqxhVGqlG+ViGB6lkax481R6dmhf1I7lIGlzJStQ=="],

    "@types/node": ["@types/node@25.3.2", "", { "dependencies": { "undici-types": "~7.18.0" } }, "sha512-RpV6r/ij22zRRdyBPcxDeKAzH43phWVKEjL2iksqo1Vz3CuBUrgmPpPhALKiRfU7OMCmeeO9vECBMsV0hMTG8Q=="],

    "@types/tough-cookie": ["@types/tough-cookie@4.0.5", "", {}, "sha512-/Ad8+nIOV7Rl++6f1BdKxFSMgmoqEoYbHRpPcx3JEfv8VRsQe9Z4mCXeJBzxs7mbHY/XOZZuXlRNfhpVPbs6ZA=="],

    "@types/trusted-types": ["@types/trusted-types@2.0.7", "", {}, "sha512-ScaPdn1dQczgbl0QFTeTOmVHFULt394XJgOQNoyVhZ6r2vLnMLJfBPd53SB52T/3G36VI1/g2MZaX0cwDuXsfw=="],

    "agent-base": ["agent-base@7.1.4", "", {}, "sha512-MnA+YT8fwfJPgBx3m60MNqakm30XOkyIoH1y6huTQvC0PwZG7ki8NacLBcrPbNoo8vEZy7Jpuk7+jMO+CUovTQ=="],

    "balanced-match": ["balanced-match@4.0.4", "", {}, "sha512-BLrgEcRTwX2o6gGxGOCNyMvGSp35YofuYzw9h1IMTRmKqttAZZVU67bdb9Pr2vUHA8+j3i2tJfjO6C6+4myGTA=="],

    "base64-js": ["base64-js@1.5.1", "", {}, "sha512-AKpaYlHn8t4SVbOHCy+b5+KKgvR4vrsD8vbvrbiQJps7fKDTkjkDry6ji0rUJjC0kzbNePLwzxq8iypo41qeWA=="],

    "bidi-js": ["bidi-js@1.0.3", "", { "dependencies": { "require-from-string": "^2.0.2" } }, "sha512-RKshQI1R3YQ+n9YJz2QQ147P66ELpa1FQEg20Dk8oW9t2KgLbpDLLp9aGZ7y8WHSshDknG0bknqGw5/tyCs5tw=="],

    "bignumber.js": ["bignumber.js@9.3.1", "", {}, "sha512-Ko0uX15oIUS7wJ3Rb30Fs6SkVbLmPBAKdlm7q9+ak9bbIeFf0MwuBsQV6z7+X768/cHsfg+WlysDWJcmthjsjQ=="],

    "bl": ["bl@4.1.0", "", { "dependencies": { "buffer": "^5.5.0", "inherits": "^2.0.4", "readable-stream": "^3.4.0" } }, "sha512-1W07cM9gS6DcLperZfFSj+bWLtaPGSOHWhPiGzXmvVJbRLdG82sH/Kn8EtW1VqWVA54AKf2h5k5BbnIbwF3h6w=="],

    "brace-expansion": ["brace-expansion@5.0.4", "", { "dependencies": { "balanced-match": "^4.0.2" } }, "sha512-h+DEnpVvxmfVefa4jFbCf5HdH5YMDXRsmKflpf1pILZWRFlTbJpxeU55nJl4Smt5HQaGzg1o6RHFPJaOqnmBDg=="],

    "buffer": ["buffer@5.7.1", "", { "dependencies": { "base64-js": "^1.3.1", "ieee754": "^1.1.13" } }, "sha512-EHcyIPBQ4BSGlvjB16k5KgAJ27CIsHY/2JBmCRReo48y9rQ3MaUzWX3KVlBa4U7MyX02HdVj0K7C3WaB3ju7FQ=="],

    "buffer-equal-constant-time": ["buffer-equal-constant-time@1.0.1", "", {}, "sha512-zRpUiDwd/xk6ADqPMATG8vc9VPrkck7T07OIx0gnjmJAnHnTVXNQG3vfvWNuiZIkwu9KrKdA1iJKfsfTVxE6NA=="],

    "bun-types": ["bun-types@1.3.13", "", { "dependencies": { "@types/node": "*" } }, "sha512-QXKeHLlOLqQX9LgYaHJfzdBaV21T63HhFJnvuRCcjZiaUDpbs5ED1MgxbMra71CsryN/1dAoXuJJJwIv/2drVA=="],

    "call-bind-apply-helpers": ["call-bind-apply-helpers@1.0.2", "", { "dependencies": { "es-errors": "^1.3.0", "function-bind": "^1.1.2" } }, "sha512-Sp1ablJ0ivDkSzjcaJdxEunN5/XvksFJ2sMBFfq6x0ryhQV/2b/KwFe21cMpmHtPOSij8K99/wSfoEuTObmuMQ=="],

    "call-bound": ["call-bound@1.0.4", "", { "dependencies": { "call-bind-apply-helpers": "^1.0.2", "get-intrinsic": "^1.3.0" } }, "sha512-+ys997U96po4Kx/ABpBCqhA9EuxJaQWDQg7295H4hBphv3IZg0boBKuwYpt4YXp6MZ5AmZQnU/tyMTlRpaSejg=="],

    "chownr": ["chownr@1.1.4", "", {}, "sha512-jJ0bqzaylmJtVnNgzTeSOs8DPavpbYgEr/b0YL8/2GO3xJEhInFmhKMUnEJQjZumK7KXGFhUy89PrsJWlakBVg=="],

    "commander": ["commander@6.2.1", "", {}, "sha512-U7VdrJFnJgo4xjrHpTzu0yrHPGImdsmD95ZlgYSEajAn2JKzDhDTPG9kBTefmObL2w/ngeZnilk+OV9CG3d7UA=="],

    "cron-parser": ["cron-parser@5.5.0", "", { "dependencies": { "luxon": "^3.7.1" } }, "sha512-oML4lKUXxizYswqmxuOCpgFS8BNUJpIu6k/2HVHyaL8Ynnf3wdf9tkns0yRdJLSIjkJ+b0DXHMZEHGpMwjnPww=="],

    "css-tree": ["css-tree@3.2.1", "", { "dependencies": { "mdn-data": "2.27.1", "source-map-js": "^1.2.1" } }, "sha512-X7sjQzceUhu1u7Y/ylrRZFU2FS6LRiFVp6rKLPg23y3x3c3DOKAwuXGDp+PAGjh6CSnCjYeAul8pcT8bAl+lSA=="],

    "data-uri-to-buffer": ["data-uri-to-buffer@4.0.1", "", {}, "sha512-0R9ikRb668HB7QDxT1vkpuUBtqc53YyAwMwGeUFKRojY/NWKvdZ+9UYtRfGmhqNbRkTSVpMbmyhXipFFv2cb/A=="],

    "data-urls": ["data-urls@7.0.0", "", { "dependencies": { "whatwg-mimetype": "^5.0.0", "whatwg-url": "^16.0.0" } }, "sha512-23XHcCF+coGYevirZceTVD7NdJOqVn+49IHyxgszm+JIiHLoB2TkmPtsYkNWT1pvRSGkc35L6NHs0yHkN2SumA=="],

    "debug": ["debug@4.4.3", "", { "dependencies": { "ms": "^2.1.3" } }, "sha512-RGwwWnwQvkVfavKVt22FGLw+xYSdzARwm0ru6DhTVA3umU5hZc28V3kO4stgYryrTlLpuvgI9GiijltAjNbcqA=="],

    "decimal.js": ["decimal.js@10.6.0", "", {}, "sha512-YpgQiITW3JXGntzdUmyUR1V812Hn8T1YVXhCu+wO3OpS4eU9l4YdD3qjyiKdV6mvV29zapkMeD390UVEf2lkUg=="],

    "decompress-response": ["decompress-response@6.0.0", "", { "dependencies": { "mimic-response": "^3.1.0" } }, "sha512-aW35yZM6Bb/4oJlZncMH2LCoZtJXTRxES17vE3hoRiowU2kWHaJKFkSBDnDR+cm9J+9QhXmREyIfv0pji9ejCQ=="],

    "deep-extend": ["deep-extend@0.6.0", "", {}, "sha512-LOHxIOaPYdHlJRtCQfDIVZtfw/ufM8+rVj649RIHzcm/vGwQRXFt6OPqIFWsm2XEMrNIEtWR64sY1LEKD2vAOA=="],

    "detect-libc": ["detect-libc@2.1.2", "", {}, "sha512-Btj2BOOO83o3WyH59e8MgXsxEQVcarkUOpEYrubB0urwnN10yQ364rsiByU11nZlqWYZm05i/of7io4mzihBtQ=="],

    "diff": ["diff@8.0.4", "", {}, "sha512-DPi0FmjiSU5EvQV0++GFDOJ9ASQUVFh5kD+OzOnYdi7n3Wpm9hWWGfB/O2blfHcMVTL5WkQXSnRiK9makhrcnw=="],

    "dunder-proto": ["dunder-proto@1.0.1", "", { "dependencies": { "call-bind-apply-helpers": "^1.0.1", "es-errors": "^1.3.0", "gopd": "^1.2.0" } }, "sha512-KIN/nDJBQRcXw0MLVhZE9iQHmG68qAVIBg9CqmUYjmQIhgij9U5MFvrqkUL5FbtyyzZuOeOt0zdeRe4UY7ct+A=="],

    "ecdsa-sig-formatter": ["ecdsa-sig-formatter@1.0.11", "", { "dependencies": { "safe-buffer": "^5.0.1" } }, "sha512-nagl3RYrbNv6kQkeJIpt6NJZy8twLB/2vtz6yN9Z4vRKHN4/QZJIEbqohALSgwKdnksuY3k5Addp5lg8sVoVcQ=="],

    "end-of-stream": ["end-of-stream@1.4.5", "", { "dependencies": { "once": "^1.4.0" } }, "sha512-ooEGc6HP26xXq/N+GCGOT0JKCLDGrq2bQUZrQ7gyrJiZANJ/8YDTxTpQBXGMn+WbIQXNVpyWymm7KYVICQnyOg=="],

    "entities": ["entities@8.0.0", "", {}, "sha512-zwfzJecQ/Uej6tusMqwAqU/6KL2XaB2VZ2Jg54Je6ahNBGNH6Ek6g3jjNCF0fG9EWQKGZNddNjU5F1ZQn/sBnA=="],

    "es-define-property": ["es-define-property@1.0.1", "", {}, "sha512-e3nRfgfUZ4rNGL232gUgX06QNyyez04KdjFrF+LTRoOXmrOgFKDg4BCdsjW8EnT69eqdYGmRpJwiPVYNrCaW3g=="],

    "es-errors": ["es-errors@1.3.0", "", {}, "sha512-Zf5H2Kxt2xjTvbJvP2ZWLEICxA6j+hAmMzIlypy4xcBg1vKVnx89Wy0GbS+kf5cwCVFFzdCFh2XSCFNULS6csw=="],

    "es-object-atoms": ["es-object-atoms@1.1.1", "", { "dependencies": { "es-errors": "^1.3.0" } }, "sha512-FGgH2h8zKNim9ljj7dankFPcICIK9Cp5bm+c2gQSYePhpaG5+esrLODihIorn+Pe6FGJzWhXQotPv73jTaldXA=="],

    "expand-template": ["expand-template@2.0.3", "", {}, "sha512-XYfuKMvj4O35f/pOXLObndIRvyQ+/+6AhODh+OKWj9S9498pHHn/IMszH+gt0fBCRWMNfk1ZSp5x3AifmnI2vg=="],

    "extend": ["extend@3.0.2", "", {}, "sha512-fjquC59cD7CyW6urNXK0FBufkZcoiGG80wTuPujX590cB5Ttln20E2UB4S/WARVqhXffZl2LNgS+gQdPIIim/g=="],

    "fast-xml-builder": ["fast-xml-builder@1.2.0", "", { "dependencies": { "path-expression-matcher": "^1.5.0", "xml-naming": "^0.1.0" } }, "sha512-00aAWieqff+ZJhsXA4g1g7M8k+7AYoMUUHF+/zFb5U6Uv/P0Vl4QZo84/IcufzYalLuEj9928bXN9PbbFzMF0Q=="],

    "fast-xml-parser": ["fast-xml-parser@5.8.0", "", { "dependencies": { "@nodable/entities": "^2.1.0", "fast-xml-builder": "^1.2.0", "path-expression-matcher": "^1.5.0", "strnum": "^2.3.0", "xml-naming": "^0.1.0" }, "bin": { "fxparser": "src/cli/cli.js" } }, "sha512-6bIM7fsJxeo3uXv7OncQYsBAMPJ7V16Slahl/6M98C/i2q+vB1+4a0MtrvYwDFEUrwDSbAmeLDRXsOBwrL7yAg=="],

    "fetch-blob": ["fetch-blob@3.2.0", "", { "dependencies": { "node-domexception": "^1.0.0", "web-streams-polyfill": "^3.0.3" } }, "sha512-7yAQpD2UMJzLi1Dqv7qFYnPbaPx7ZfFK6PiIxQ4PfkGPyNyl2Ugx+a/umUonmKqjhM4DnfbMvdX6otXq83soQQ=="],

    "file-type": ["file-type@21.3.4", "", { "dependencies": { "@tokenizer/inflate": "^0.4.1", "strtok3": "^10.3.4", "token-types": "^6.1.1", "uint8array-extras": "^1.4.0" } }, "sha512-Ievi/yy8DS3ygGvT47PjSfdFoX+2isQueoYP1cntFW1JLYAuS4GD7NUPGg4zv2iZfV52uDyk5w5Z0TdpRS6Q1g=="],

    "formdata-polyfill": ["formdata-polyfill@4.0.10", "", { "dependencies": { "fetch-blob": "^3.1.2" } }, "sha512-buewHzMvYL29jdeQTVILecSaZKnt/RJWjoZCF5OW60Z67/GmSLBkOFM7qh1PI3zFNtJbaZL5eQu1vLfazOwj4g=="],

    "fs-constants": ["fs-constants@1.0.0", "", {}, "sha512-y6OAwoSIf7FyjMIv94u+b5rdheZEjzR63GTyZJm5qh4Bi+2YgwLCcI/fPFZkL5PSixOt6ZNKm+w+Hfp/Bciwow=="],

    "function-bind": ["function-bind@1.1.2", "", {}, "sha512-7XHNxH7qX9xG5mIwxkhumTox/MIRNcOgDrxWsMt2pAr23WHp6MrRlN7FBSFpCpr+oVO0F744iUgR82nJMfG2SA=="],

    "gaxios": ["gaxios@7.1.4", "", { "dependencies": { "extend": "^3.0.2", "https-proxy-agent": "^7.0.1", "node-fetch": "^3.3.2" } }, "sha512-bTIgTsM2bWn3XklZISBTQX7ZSddGW+IO3bMdGaemHZ3tbqExMENHLx6kKZ/KlejgrMtj8q7wBItt51yegqalrA=="],

    "gcp-metadata": ["gcp-metadata@8.1.2", "", { "dependencies": { "gaxios": "^7.0.0", "google-logging-utils": "^1.0.0", "json-bigint": "^1.0.0" } }, "sha512-zV/5HKTfCeKWnxG0Dmrw51hEWFGfcF2xiXqcA3+J90WDuP0SvoiSO5ORvcBsifmx/FoIjgQN3oNOGaQ5PhLFkg=="],

    "get-intrinsic": ["get-intrinsic@1.3.0", "", { "dependencies": { "call-bind-apply-helpers": "^1.0.2", "es-define-property": "^1.0.1", "es-errors": "^1.3.0", "es-object-atoms": "^1.1.1", "function-bind": "^1.1.2", "get-proto": "^1.0.1", "gopd": "^1.2.0", "has-symbols": "^1.1.0", "hasown": "^2.0.2", "math-intrinsics": "^1.1.0" } }, "sha512-9fSjSaos/fRIVIp+xSJlE6lfwhES7LNtKaCBIamHsjr2na1BiABJPo0mOjjz8GJDURarmCPGqaiVg5mfjb98CQ=="],

    "get-proto": ["get-proto@1.0.1", "", { "dependencies": { "dunder-proto": "^1.0.1", "es-object-atoms": "^1.0.0" } }, "sha512-sTSfBjoXBp89JvIKIefqw7U2CCebsc74kiY6awiGogKtoSGbgjYE/G/+l9sF3MWFPNc9IcoOC4ODfKHfxFmp0g=="],

    "github-from-package": ["github-from-package@0.0.0", "", {}, "sha512-SyHy3T1v2NUXn29OsWdxmK6RwHD+vkj3v8en8AOBZ1wBQ/hCAQ5bAQTD02kW4W9tUp/3Qh6J8r9EvntiyCmOOw=="],

    "google-auth-library": ["google-auth-library@10.6.2", "", { "dependencies": { "base64-js": "^1.3.0", "ecdsa-sig-formatter": "^1.0.11", "gaxios": "^7.1.4", "gcp-metadata": "8.1.2", "google-logging-utils": "1.1.3", "jws": "^4.0.0" } }, "sha512-e27Z6EThmVNNvtYASwQxose/G57rkRuaRbQyxM2bvYLLX/GqWZ5chWq2EBoUchJbCc57eC9ArzO5wMsEmWftCw=="],

    "google-logging-utils": ["google-logging-utils@1.1.3", "", {}, "sha512-eAmLkjDjAFCVXg7A1unxHsLf961m6y17QFqXqAXGj/gVkKFrEICfStRfwUlGNfeCEjNRa32JEWOUTlYXPyyKvA=="],

    "googleapis": ["googleapis@171.4.0", "", { "dependencies": { "google-auth-library": "^10.2.0", "googleapis-common": "^8.0.0" } }, "sha512-xybFL2SmmUgIifgsbsRQYRdNrSAYwxWZDmkZTGjUIaRnX5jPqR8el/cEvo6rCqh7iaZx6MfEPS/lrDgZ0bymkg=="],

    "googleapis-common": ["googleapis-common@8.0.1", "", { "dependencies": { "extend": "^3.0.2", "gaxios": "^7.0.0-rc.4", "google-auth-library": "^10.1.0", "qs": "^6.7.0", "url-template": "^2.0.8" } }, "sha512-eCzNACUXPb1PW5l0ULTzMHaL/ltPRADoPgjBlT8jWsTbxkCp6siv+qKJ/1ldaybCthGwsYFYallF7u9AkU4L+A=="],

    "gopd": ["gopd@1.2.0", "", {}, "sha512-ZUKRh6/kUFoAiTAtTYPZJ3hw9wNxx+BIBOijnlG9PnrJsCcSjs1wyyD6vJpaYtgnzDrKYRSqf3OO6Rfa93xsRg=="],

    "has-symbols": ["has-symbols@1.1.0", "", {}, "sha512-1cDNdwJ2Jaohmb3sg4OmKaMBwuC48sYni5HUw2DvsC8LjGTLK9h+eb1X6RyuOHe4hT0ULCW68iomhjUoKUqlPQ=="],

    "hasown": ["hasown@2.0.3", "", { "dependencies": { "function-bind": "^1.1.2" } }, "sha512-ej4AhfhfL2Q2zpMmLo7U1Uv9+PyhIZpgQLGT1F9miIGmiCJIoCgSmczFdrc97mWT4kVY72KA+WnnhJ5pghSvSg=="],

    "html-encoding-sniffer": ["html-encoding-sniffer@6.0.0", "", { "dependencies": { "@exodus/bytes": "^1.6.0" } }, "sha512-CV9TW3Y3f8/wT0BRFc1/KAVQ3TUHiXmaAb6VW9vtiMFf7SLoMd1PdAc4W3KFOFETBJUb90KatHqlsZMWV+R9Gg=="],

    "https-proxy-agent": ["https-proxy-agent@7.0.6", "", { "dependencies": { "agent-base": "^7.1.2", "debug": "4" } }, "sha512-vK9P5/iUfdl95AI+JVyUuIcVtd4ofvtrOr3HNtM2yxC9bnMbEdp3x01OhQNnjb8IJYi38VlTE3mBXwcfvywuSw=="],

    "ieee754": ["ieee754@1.2.1", "", {}, "sha512-dcyqhDvX1C46lXZcVqCpK+FtMRQVdIMN6/Df5js2zouUsqG7I6sFxitIC+7KYK29KdXOLHdu9zL4sFnoVQnqaA=="],

    "inherits": ["inherits@2.0.4", "", {}, "sha512-k/vGaX4/Yla3WzyMCvTQOXYeIHvqOKtnqBduzTHpzpQZzAskKMhZ2K+EnBiSM9zGSoIFeMpXKxa4dYeZIQqewQ=="],

    "ini": ["ini@6.0.0", "", {}, "sha512-IBTdIkzZNOpqm7q3dRqJvMaldXjDHWkEDfrwGEQTs5eaQMWV+djAhR+wahyNNMAa+qpbDUhBMVt4ZKNwpPm7xQ=="],

    "is-potential-custom-element-name": ["is-potential-custom-element-name@1.0.1", "", {}, "sha512-bCYeRA2rVibKZd+s2625gGnGF/t7DSqDs4dP7CrLA1m7jKWz6pps0LpYLJN8Q64HtmPKJ1hrN3nzPNKFEKOUiQ=="],

    "jsdom": ["jsdom@29.1.1", "", { "dependencies": { "@asamuzakjp/css-color": "^5.1.11", "@asamuzakjp/dom-selector": "^7.1.1", "@bramus/specificity": "^2.4.2", "@csstools/css-syntax-patches-for-csstree": "^1.1.3", "@exodus/bytes": "^1.15.0", "css-tree": "^3.2.1", "data-urls": "^7.0.0", "decimal.js": "^10.6.0", "html-encoding-sniffer": "^6.0.0", "is-potential-custom-element-name": "^1.0.1", "lru-cache": "^11.3.5", "parse5": "^8.0.1", "saxes": "^6.0.0", "symbol-tree": "^3.2.4", "tough-cookie": "^6.0.1", "undici": "^7.25.0", "w3c-xmlserializer": "^5.0.0", "webidl-conversions": "^8.0.1", "whatwg-mimetype": "^5.0.0", "whatwg-url": "^16.0.1", "xml-name-validator": "^5.0.0" }, "peerDependencies": { "canvas": "^3.0.0" }, "optionalPeers": ["canvas"] }, "sha512-ECi4Fi2f7BdJtUKTflYRTiaMxIB0O6zfR1fX0GXpUrf6flp8QIYn1UT20YQqdSOfk2dfkCwS8LAFoJDEppNK5Q=="],

    "json-bigint": ["json-bigint@1.0.0", "", { "dependencies": { "bignumber.js": "^9.0.0" } }, "sha512-SiPv/8VpZuWbvLSMtTDU8hEfrZWg/mH/nV/b4o0CYbSxu1UIQPLdwKOCIyLQX+VIPO5vrLX3i8qtqFyhdPSUSQ=="],

    "just-bash": ["just-bash@3.0.1", "", { "dependencies": { "diff": "^8.0.2", "fast-xml-parser": "^5.7.3", "file-type": "^21.2.0", "ini": "^6.0.0", "minimatch": "^10.1.1", "modern-tar": "^0.7.3", "papaparse": "^5.5.3", "quickjs-emscripten": "^0.32.0", "re2js": "^1.2.1", "seek-bzip": "^2.0.0", "smol-toml": "^1.6.0", "sprintf-js": "^1.1.3", "sql.js": "^1.13.0", "turndown": "^7.2.2", "yaml": "^2.8.2" }, "optionalDependencies": { "@mongodb-js/zstd": "^7.0.0", "node-liblzma": "^2.0.3" }, "bin": { "just-bash": "dist/bin/just-bash.js", "just-bash-shell": "dist/bin/shell/shell.js" } }, "sha512-YVyzCN08fKarUnwqy7rKOAcX+2MLYLnYInuowmUXn3mqhrtd4ieZNBuzdQG+qYV9DqnIWuv9Whiph0WRIWsBtw=="],

    "jwa": ["jwa@2.0.1", "", { "dependencies": { "buffer-equal-constant-time": "^1.0.1", "ecdsa-sig-formatter": "1.0.11", "safe-buffer": "^5.0.1" } }, "sha512-hRF04fqJIP8Abbkq5NKGN0Bbr3JxlQ+qhZufXVr0DvujKy93ZCbXZMHDL4EOtodSbCWxOqR8MS1tXA5hwqCXDg=="],

    "jws": ["jws@4.0.1", "", { "dependencies": { "jwa": "^2.0.1", "safe-buffer": "^5.0.1" } }, "sha512-EKI/M/yqPncGUUh44xz0PxSidXFr/+r0pA70+gIYhjv+et7yxM+s29Y+VGDkovRofQem0fs7Uvf4+YmAdyRduA=="],

    "lit": ["lit@3.3.3", "", { "dependencies": { "@lit/reactive-element": "^2.1.0", "lit-element": "^4.2.0", "lit-html": "^3.3.0" } }, "sha512-fycuvZg/hkpozL00lm1pEJH5nN/lr9ZXd6mJI2HSN4+Bzc+LDNdEApJ6HFbPkdFNHLvOplIIuJvxkS4XUxqirw=="],

    "lit-element": ["lit-element@4.2.2", "", { "dependencies": { "@lit-labs/ssr-dom-shim": "^1.5.0", "@lit/reactive-element": "^2.1.0", "lit-html": "^3.3.0" } }, "sha512-aFKhNToWxoyhkNDmWZwEva2SlQia+jfG0fjIWV//YeTaWrVnOxD89dPKfigCUspXFmjzOEUQpOkejH5Ly6sG0w=="],

    "lit-html": ["lit-html@3.3.3", "", { "dependencies": { "@types/trusted-types": "^2.0.2" } }, "sha512-el8M6jK2o3RXBnrSHX3ZKrsN8zEV63pSExTO1wYJz7QndGYZ8353e2a5PPX+qHe2aGayfnchQmkAojaWAREOIA=="],

    "lru-cache": ["lru-cache@11.5.0", "", {}, "sha512-5YgH9UJd7wVb9hIouI2adWpgqrrICkt070Dnj8EUY1+B4B2P9eRLPAkAAo6NICA7CEhOIeBHl46u9zSNpNu7zA=="],

    "luxon": ["luxon@3.7.2", "", {}, "sha512-vtEhXh/gNjI9Yg1u4jX/0YVPMvxzHuGgCm6tC5kZyb08yjGWGnqAjGJvcXbqQR2P3MyMEFnRbpcdFS6PBcLqew=="],

    "math-intrinsics": ["math-intrinsics@1.1.0", "", {}, "sha512-/IXtbwEk5HTPyEwyKX6hGkYXxM9nbj64B+ilVJnC/R6B0pH5G4V3b0pVbL7DBj4tkhBAppbQUlf6F6Xl9LHu1g=="],

    "mdn-data": ["mdn-data@2.27.1", "", {}, "sha512-9Yubnt3e8A0OKwxYSXyhLymGW4sCufcLG6VdiDdUGVkPhpqLxlvP5vl1983gQjJl3tqbrM731mjaZaP68AgosQ=="],

    "mimic-response": ["mimic-response@3.1.0", "", {}, "sha512-z0yWI+4FDrrweS8Zmt4Ej5HdJmky15+L2e6Wgn3+iK5fWzb6T3fhNFq2+MeTRb064c6Wr4N/wv0DzQTjNzHNGQ=="],

    "minimatch": ["minimatch@10.2.4", "", { "dependencies": { "brace-expansion": "^5.0.2" } }, "sha512-oRjTw/97aTBN0RHbYCdtF1MQfvusSIBQM0IZEgzl6426+8jSC0nF1a/GmnVLpfB9yyr6g6FTqWqiZVbxrtaCIg=="],

    "minimist": ["minimist@1.2.8", "", {}, "sha512-2yyAR8qBkN3YuheJanUpWC5U3bb5osDywNB8RzDVlDwDHbocAJveqqj1u8+SVD7jkWT4yvsHCpWqqWqAxb0zCA=="],

    "mkdirp-classic": ["mkdirp-classic@0.5.3", "", {}, "sha512-gKLcREMhtuZRwRAfqP3RFW+TK4JqApVBtOIftVgjuABpAtpxhPGaDcfvbhNvD0B8iD1oUr/txX35NjcaY6Ns/A=="],

    "modern-tar": ["modern-tar@0.7.6", "", {}, "sha512-sweCIVXzx1aIGTCdzcMlSZt1h8k5Tmk08VNAuRk3IU28XamGiOH5ypi11g6De2CH7PhYqSSnGy2A/EFhbWnVKg=="],

    "ms": ["ms@2.1.3", "", {}, "sha512-6FlzubTLZG3J2a/NVCAleEhjzq5oxgHyaCU9yYXvcLsvoVaHJq/s5xXI6/XXP6tz7R9xAOtHnSO/tXtF3WRTlA=="],

    "napi-build-utils": ["napi-build-utils@2.0.0", "", {}, "sha512-GEbrYkbfF7MoNaoh2iGG84Mnf/WZfB0GdGEsM8wz7Expx/LlWf5U8t9nvJKXSp3qr5IsEbK04cBGhol/KwOsWA=="],

    "node-abi": ["node-abi@3.89.0", "", { "dependencies": { "semver": "^7.3.5" } }, "sha512-6u9UwL0HlAl21+agMN3YAMXcKByMqwGx+pq+P76vii5f7hTPtKDp08/H9py6DY+cfDw7kQNTGEj/rly3IgbNQA=="],

    "node-addon-api": ["node-addon-api@8.6.0", "", {}, "sha512-gBVjCaqDlRUk0EwoPNKzIr9KkS9041G/q31IBShPs1Xz6UTA+EXdZADbzqAJQrpDRq71CIMnOP5VMut3SL0z5Q=="],

    "node-domexception": ["node-domexception@1.0.0", "", {}, "sha512-/jKZoMpw0F8GRwl4/eLROPA3cfcXtLApP0QzLmUT/HuPCZWyB7IY9ZrMeKw2O/nFIqPQB3PVM9aYm0F312AXDQ=="],

    "node-fetch": ["node-fetch@3.3.2", "", { "dependencies": { "data-uri-to-buffer": "^4.0.0", "fetch-blob": "^3.1.4", "formdata-polyfill": "^4.0.10" } }, "sha512-dRB78srN/l6gqWulah9SrxeYnxeddIG30+GOqK/9OlLVyLg3HPnr6SqOWTWOXKRwC2eGYCkZ59NNuSgvSrpgOA=="],

    "node-gyp-build": ["node-gyp-build@4.8.4", "", { "bin": { "node-gyp-build": "bin.js", "node-gyp-build-optional": "optional.js", "node-gyp-build-test": "build-test.js" } }, "sha512-LA4ZjwlnUblHVgq0oBF3Jl/6h/Nvs5fzBLwdEF4nuxnFdsfajde4WfxtJr3CaiH+F6ewcIB/q4jQ4UzPyid+CQ=="],

    "node-liblzma": ["node-liblzma@2.2.0", "", { "dependencies": { "node-addon-api": "^8.5.0", "node-gyp-build": "^4.8.4" }, "bin": { "nxz": "lib/cli/nxz.js" } }, "sha512-s0KzNOWwOJJgPG6wxg6cKohnAl9Wk/oW1KrQaVzJBjQwVcUGPQCzpR46Ximygjqj/3KhOrtJXnYMp/xYAXp75g=="],

    "object-inspect": ["object-inspect@1.13.4", "", {}, "sha512-W67iLl4J2EXEGTbfeHCffrjDfitvLANg0UlX3wFUUSTx92KXRFegMHUVgSqE+wvhAbi4WqjGg9czysTV2Epbew=="],

    "once": ["once@1.4.0", "", { "dependencies": { "wrappy": "1" } }, "sha512-lNaJgI+2Q5URQBkccEKHTQOPaXdUxnZZElQTZY0MFUAuaEqe1E+Nyvgdz/aIyNi6Z9MzO5dv1H8n58/GELp3+w=="],

    "papaparse": ["papaparse@5.5.3", "", {}, "sha512-5QvjGxYVjxO59MGU2lHVYpRWBBtKHnlIAcSe1uNFCkkptUh63NFRj0FJQm7nR67puEruUci/ZkjmEFrjCAyP4A=="],

    "parse5": ["parse5@8.0.1", "", { "dependencies": { "entities": "^8.0.0" } }, "sha512-z1e/HMG90obSGeidlli3hj7cbocou0/wa5HacvI3ASx34PecNjNQeaHNo5WIZpWofN9kgkqV1q5YvXe3F0FoPw=="],

    "path-expression-matcher": ["path-expression-matcher@1.5.0", "", {}, "sha512-cbrerZV+6rvdQrrD+iGMcZFEiiSrbv9Tfdkvnusy6y0x0GKBXREFg/Y65GhIfm0tnLntThhzCnfKwp1WRjeCyQ=="],

    "prebuild-install": ["prebuild-install@7.1.3", "", { "dependencies": { "detect-libc": "^2.0.0", "expand-template": "^2.0.3", "github-from-package": "0.0.0", "minimist": "^1.2.3", "mkdirp-classic": "^0.5.3", "napi-build-utils": "^2.0.0", "node-abi": "^3.3.0", "pump": "^3.0.0", "rc": "^1.2.7", "simple-get": "^4.0.0", "tar-fs": "^2.0.0", "tunnel-agent": "^0.6.0" }, "bin": { "prebuild-install": "bin.js" } }, "sha512-8Mf2cbV7x1cXPUILADGI3wuhfqWvtiLA1iclTDbFRZkgRQS0NqsPZphna9V+HyTEadheuPmjaJMsbzKQFOzLug=="],

    "pump": ["pump@3.0.4", "", { "dependencies": { "end-of-stream": "^1.1.0", "once": "^1.3.1" } }, "sha512-VS7sjc6KR7e1ukRFhQSY5LM2uBWAUPiOPa/A3mkKmiMwSmRFUITt0xuj+/lesgnCv+dPIEYlkzrcyXgquIHMcA=="],

    "punycode": ["punycode@2.3.1", "", {}, "sha512-vYt7UD1U9Wg6138shLtLOvdAu+8DsC/ilFtEVHcH+wydcSpNE20AfSOduf6MkRFahL5FY7X1oU7nKVZFtfq8Fg=="],

    "qs": ["qs@6.15.1", "", { "dependencies": { "side-channel": "^1.1.0" } }, "sha512-6YHEFRL9mfgcAvql/XhwTvf5jKcOiiupt2FiJxHkiX1z4j7WL8J/jRHYLluORvc1XxB5rV20KoeK00gVJamspg=="],

    "quickjs-emscripten": ["quickjs-emscripten@0.32.0", "", { "dependencies": { "@jitl/quickjs-wasmfile-debug-asyncify": "0.32.0", "@jitl/quickjs-wasmfile-debug-sync": "0.32.0", "@jitl/quickjs-wasmfile-release-asyncify": "0.32.0", "@jitl/quickjs-wasmfile-release-sync": "0.32.0", "quickjs-emscripten-core": "0.32.0" } }, "sha512-So0Sqw869y/S2oE3Nuc0uT3Dhqgvsj8FSrwBdsuTosVsG8ME5/OcudU1GxsrIFdFABgy17GHnTVO9TYV/bLQcA=="],

    "quickjs-emscripten-core": ["quickjs-emscripten-core@0.32.0", "", { "dependencies": { "@jitl/quickjs-ffi-types": "0.32.0" } }, "sha512-QFnPfjFey8EqknSrSxe1hZrf1/8z7/6s1QzGOmKo6++02r7QRRX7ZoyNaZh7JuVjWsVW87KnQrbZqnHkOAzUyg=="],

    "rc": ["rc@1.2.8", "", { "dependencies": { "deep-extend": "^0.6.0", "ini": "~1.3.0", "minimist": "^1.2.0", "strip-json-comments": "~2.0.1" }, "bin": { "rc": "./cli.js" } }, "sha512-y3bGgqKj3QBdxLbLkomlohkvsA8gdAiUQlSBJnBhfn+BPxg4bc62d8TcBW15wavDfgexCgccckhcZvywyQYPOw=="],

    "re2js": ["re2js@1.2.2", "", {}, "sha512-xvy4uuynAZWg9SuHbg0lgQncOuK6wssLmbHs8L8+YRbWLKY8Pe1avaHjNaFLOjErq8Oh0HvwQRWqIOCRL7uDDw=="],

    "readable-stream": ["readable-stream@3.6.2", "", { "dependencies": { "inherits": "^2.0.3", "string_decoder": "^1.1.1", "util-deprecate": "^1.0.1" } }, "sha512-9u/sniCrY3D5WdsERHzHE4G2YCXqoG5FTHUiCC4SIbr6XcLZBY05ya9EKjYek9O5xOAwjGq+1JdGBAS7Q9ScoA=="],

    "require-from-string": ["require-from-string@2.0.2", "", {}, "sha512-Xf0nWe6RseziFMu+Ap9biiUbmplq6S9/p+7w7YXP/JBHhrUDDUhwa+vANyubuqfZWTveU//DYVGsDG7RKL/vEw=="],

    "safe-buffer": ["safe-buffer@5.2.1", "", {}, "sha512-rp3So07KcdmmKbGvgaNxQSJr7bGVSVk5S9Eq1F+ppbRo70+YeaDxkw5Dd8NPN+GD6bjnYm2VuPuCXmpuYvmCXQ=="],

    "saxes": ["saxes@6.0.0", "", { "dependencies": { "xmlchars": "^2.2.0" } }, "sha512-xAg7SOnEhrm5zI3puOOKyy1OMcMlIJZYNJY7xLBwSze0UjhPLnWfj2GF2EpT0jmzaJKIWKHLsaSSajf35bcYnA=="],

    "seek-bzip": ["seek-bzip@2.0.0", "", { "dependencies": { "commander": "^6.0.0" }, "bin": { "seek-bunzip": "bin/seek-bunzip", "seek-table": "bin/seek-bzip-table" } }, "sha512-SMguiTnYrhpLdk3PwfzHeotrcwi8bNV4iemL9tx9poR/yeaMYwB9VzR1w7b57DuWpuqR8n6oZboi0hj3AxZxQg=="],

    "semver": ["semver@7.7.4", "", { "bin": { "semver": "bin/semver.js" } }, "sha512-vFKC2IEtQnVhpT78h1Yp8wzwrf8CM+MzKMHGJZfBtzhZNycRFnXsHk6E5TxIkkMsgNS7mdX3AGB7x2QM2di4lA=="],

    "side-channel": ["side-channel@1.1.0", "", { "dependencies": { "es-errors": "^1.3.0", "object-inspect": "^1.13.3", "side-channel-list": "^1.0.0", "side-channel-map": "^1.0.1", "side-channel-weakmap": "^1.0.2" } }, "sha512-ZX99e6tRweoUXqR+VBrslhda51Nh5MTQwou5tnUDgbtyM0dBgmhEDtWGP/xbKn6hqfPRHujUNwz5fy/wbbhnpw=="],

    "side-channel-list": ["side-channel-list@1.0.1", "", { "dependencies": { "es-errors": "^1.3.0", "object-inspect": "^1.13.4" } }, "sha512-mjn/0bi/oUURjc5Xl7IaWi/OJJJumuoJFQJfDDyO46+hBWsfaVM65TBHq2eoZBhzl9EchxOijpkbRC8SVBQU0w=="],

    "side-channel-map": ["side-channel-map@1.0.1", "", { "dependencies": { "call-bound": "^1.0.2", "es-errors": "^1.3.0", "get-intrinsic": "^1.2.5", "object-inspect": "^1.13.3" } }, "sha512-VCjCNfgMsby3tTdo02nbjtM/ewra6jPHmpThenkTYh8pG9ucZ/1P8So4u4FGBek/BjpOVsDCMoLA/iuBKIFXRA=="],

    "side-channel-weakmap": ["side-channel-weakmap@1.0.2", "", { "dependencies": { "call-bound": "^1.0.2", "es-errors": "^1.3.0", "get-intrinsic": "^1.2.5", "object-inspect": "^1.13.3", "side-channel-map": "^1.0.1" } }, "sha512-WPS/HvHQTYnHisLo9McqBHOJk2FkHO/tlpvldyrnem4aeQp4hai3gythswg6p01oSoTl58rcpiFAjF2br2Ak2A=="],

    "simple-concat": ["simple-concat@1.0.1", "", {}, "sha512-cSFtAPtRhljv69IK0hTVZQ+OfE9nePi/rtJmw5UjHeVyVroEqJXP1sFztKUy1qU+xvz3u/sfYJLa947b7nAN2Q=="],

    "simple-get": ["simple-get@4.0.1", "", { "dependencies": { "decompress-response": "^6.0.0", "once": "^1.3.1", "simple-concat": "^1.0.0" } }, "sha512-brv7p5WgH0jmQJr1ZDDfKDOSeWWg+OVypG99A/5vYGPqJ6pxiaHLy8nxtFjBA7oMa01ebA9gfh1uMCFqOuXxvA=="],

    "smol-toml": ["smol-toml@1.6.1", "", {}, "sha512-dWUG8F5sIIARXih1DTaQAX4SsiTXhInKf1buxdY9DIg4ZYPZK5nGM1VRIYmEbDbsHt7USo99xSLFu5Q1IqTmsg=="],

    "source-map-js": ["source-map-js@1.2.1", "", {}, "sha512-UXWMKhLOwVKb728IUtQPXxfYU+usdybtUrK/8uGE8CQMvrhOpwvzDBwj0QhSL7MQc7vIsISBG8VQ8+IDQxpfQA=="],

    "sprintf-js": ["sprintf-js@1.1.3", "", {}, "sha512-Oo+0REFV59/rz3gfJNKQiBlwfHaSESl1pcGyABQsnnIfWOFt6JNj5gCog2U6MLZ//IGYD+nA8nI+mTShREReaA=="],

    "sql.js": ["sql.js@1.14.1", "", {}, "sha512-gcj8zBWU5cFsi9WUP+4bFNXAyF1iRpA3LLyS/DP5xlrNzGmPIizUeBggKa8DbDwdqaKwUcTEnChtd2grWo/x/A=="],

    "string_decoder": ["string_decoder@1.3.0", "", { "dependencies": { "safe-buffer": "~5.2.0" } }, "sha512-hkRX8U1WjJFd8LsDJ2yQ/wWWxaopEsABU1XfkM8A+j0+85JAGppt16cr1Whg6KIbb4okU6Mql6BOj+uup/wKeA=="],

    "strip-json-comments": ["strip-json-comments@2.0.1", "", {}, "sha512-4gB8na07fecVVkOI6Rs4e7T6NOTki5EmL7TUduTs6bu3EdnSycntVJ4re8kgZA+wx9IueI2Y11bfbgwtzuE0KQ=="],

    "strnum": ["strnum@2.3.0", "", {}, "sha512-ums3KNd42PGyx5xaoVTO1mjU1bH3NpY4vsrVlnv9PNGqQj8wd7rJ6nEypLrJ7z5vxK5RP0yMLo6J/Gsm62DI5Q=="],

    "strtok3": ["strtok3@10.3.5", "", { "dependencies": { "@tokenizer/token": "^0.3.0" } }, "sha512-ki4hZQfh5rX0QDLLkOCj+h+CVNkqmp/CMf8v8kZpkNVK6jGQooMytqzLZYUVYIZcFZ6yDB70EfD8POcFXiF5oA=="],

    "symbol-tree": ["symbol-tree@3.2.4", "", {}, "sha512-9QNk5KwDF+Bvz+PyObkmSYjI5ksVUYtjW7AU22r2NKcfLJcXp96hkDWU3+XndOsUb+AQ9QhfzfCT2O+CNWT5Tw=="],

    "tar-fs": ["tar-fs@2.1.4", "", { "dependencies": { "chownr": "^1.1.1", "mkdirp-classic": "^0.5.2", "pump": "^3.0.0", "tar-stream": "^2.1.4" } }, "sha512-mDAjwmZdh7LTT6pNleZ05Yt65HC3E+NiQzl672vQG38jIrehtJk/J3mNwIg+vShQPcLF/LV7CMnDW6vjj6sfYQ=="],

    "tar-stream": ["tar-stream@2.2.0", "", { "dependencies": { "bl": "^4.0.3", "end-of-stream": "^1.4.1", "fs-constants": "^1.0.0", "inherits": "^2.0.3", "readable-stream": "^3.1.1" } }, "sha512-ujeqbceABgwMZxEJnk2HDY2DlnUZ+9oEcb1KzTVfYHio0UE6dG71n60d8D2I4qNvleWrrXpmjpt7vZeF1LnMZQ=="],

    "tldts": ["tldts@7.0.30", "", { "dependencies": { "tldts-core": "^7.0.30" }, "bin": { "tldts": "bin/cli.js" } }, "sha512-ELrFxuqsDdHUwoh0XxDbxuLD3Wnz49Z57IFvTtvWy1hJdcMZjXLIuonjilCiWHlT2GbE4Wlv1wKVTzDFnXH1aw=="],

    "tldts-core": ["tldts-core@7.0.30", "", {}, "sha512-uiHN8PIB1VmWyS98eZYja4xzlYqeFZVjb4OuYlJQnZAuJhMw4PbKQOKgHKhBdJR3FE/t5mUQ1Kd80++B+qhD1Q=="],

    "token-types": ["token-types@6.1.2", "", { "dependencies": { "@borewit/text-codec": "^0.2.1", "@tokenizer/token": "^0.3.0", "ieee754": "^1.2.1" } }, "sha512-dRXchy+C0IgK8WPC6xvCHFRIWYUbqqdEIKPaKo/AcTUNzwLTK6AH7RjdLWsEZcAN/TBdtfUw3PYEgPr5VPr6ww=="],

    "tough-cookie": ["tough-cookie@6.0.1", "", { "dependencies": { "tldts": "^7.0.5" } }, "sha512-LktZQb3IeoUWB9lqR5EWTHgW/VTITCXg4D21M+lvybRVdylLrRMnqaIONLVb5mav8vM19m44HIcGq4qASeu2Qw=="],

    "tr46": ["tr46@6.0.0", "", { "dependencies": { "punycode": "^2.3.1" } }, "sha512-bLVMLPtstlZ4iMQHpFHTR7GAGj2jxi8Dg0s2h2MafAE4uSWF98FC/3MomU51iQAMf8/qDUbKWf5GxuvvVcXEhw=="],

    "tunnel-agent": ["tunnel-agent@0.6.0", "", { "dependencies": { "safe-buffer": "^5.0.1" } }, "sha512-McnNiV1l8RYeY8tBgEpuodCC1mLUdbSN+CYBL7kJsJNInOP8UjDDEwdk6Mw60vdLLrr5NHKZhMAOSrR2NZuQ+w=="],

    "turndown": ["turndown@7.2.2", "", { "dependencies": { "@mixmark-io/domino": "^2.2.0" } }, "sha512-1F7db8BiExOKxjSMU2b7if62D/XOyQyZbPKq/nUwopfgnHlqXHqQ0lvfUTeUIr1lZJzOPFn43dODyMSIfvWRKQ=="],

    "typescript": ["typescript@5.9.3", "", { "bin": { "tsc": "bin/tsc", "tsserver": "bin/tsserver" } }, "sha512-jl1vZzPDinLr9eUt3J/t7V6FgNEw9QjvBPdysz9KfQDD41fQrC2Y4vKQdiaUpFT4bXlb1RHhLpp8wtm6M5TgSw=="],

    "uint8array-extras": ["uint8array-extras@1.5.0", "", {}, "sha512-rvKSBiC5zqCCiDZ9kAOszZcDvdAHwwIKJG33Ykj43OKcWsnmcBRL09YTU4nOeHZ8Y2a7l1MgTd08SBe9A8Qj6A=="],

    "undici": ["undici@7.25.0", "", {}, "sha512-xXnp4kTyor2Zq+J1FfPI6Eq3ew5h6Vl0F/8d9XU5zZQf1tX9s2Su1/3PiMmUANFULpmksxkClamIZcaUqryHsQ=="],

    "undici-types": ["undici-types@7.25.0", "", {}, "sha512-AXNgS1Byr27fTI+2bsPEkV9CxkT8H6xNyRI68b3TatlZo3RkzlqQBLL+w7SmGPVpokjHbcuNVQUWE7FRTg+LRA=="],

    "unpdf": ["unpdf@1.6.2", "", { "peerDependencies": { "@napi-rs/canvas": "^0.1.69" }, "optionalPeers": ["@napi-rs/canvas"] }, "sha512-zQ80ySoPuPHOsvIoRp/nJyQt8TOUoTh1+WBCGcBvlddQNgKDLRwm0AY3x8Q35I7+kIiRSgqMx+Ma2pl9McIp7A=="],

    "url-template": ["url-template@2.0.8", "", {}, "sha512-XdVKMF4SJ0nP/O7XIPB0JwAEuT9lDIYnNsK8yGVe43y0AWoKeJNdv3ZNWh7ksJ6KqQFjOO6ox/VEitLnaVNufw=="],

    "util-deprecate": ["util-deprecate@1.0.2", "", {}, "sha512-EPD5q1uXyFxJpCrLnCc1nHnq3gOa6DZBocAIiI2TaSCA7VCJ1UJDMagCzIkXNsUYfD1daK//LTEQ8xiIbrHtcw=="],

    "w3c-xmlserializer": ["w3c-xmlserializer@5.0.0", "", { "dependencies": { "xml-name-validator": "^5.0.0" } }, "sha512-o8qghlI8NZHU1lLPrpi2+Uq7abh4GGPpYANlalzWxyWteJOCsr/P+oPBA49TOLu5FTZO4d3F9MnWJfiMo4BkmA=="],

    "web-streams-polyfill": ["web-streams-polyfill@3.3.3", "", {}, "sha512-d2JWLCivmZYTSIoge9MsgFCZrt571BikcWGYkjC1khllbTeDlGqZ2D8vD8E/lJa8WGWbb7Plm8/XJYV7IJHZZw=="],

    "webidl-conversions": ["webidl-conversions@8.0.1", "", {}, "sha512-BMhLD/Sw+GbJC21C/UgyaZX41nPt8bUTg+jWyDeg7e7YN4xOM05YPSIXceACnXVtqyEw/LMClUQMtMZ+PGGpqQ=="],

    "whatwg-mimetype": ["whatwg-mimetype@5.0.0", "", {}, "sha512-sXcNcHOC51uPGF0P/D4NVtrkjSU2fNsm9iog4ZvZJsL3rjoDAzXZhkm2MWt1y+PUdggKAYVoMAIYcs78wJ51Cw=="],

    "whatwg-url": ["whatwg-url@16.0.1", "", { "dependencies": { "@exodus/bytes": "^1.11.0", "tr46": "^6.0.0", "webidl-conversions": "^8.0.1" } }, "sha512-1to4zXBxmXHV3IiSSEInrreIlu02vUOvrhxJJH5vcxYTBDAx51cqZiKdyTxlecdKNSjj8EcxGBxNf6Vg+945gw=="],

    "wrappy": ["wrappy@1.0.2", "", {}, "sha512-l4Sp/DRseor9wL6EvV2+TuQn63dMkPjZ/sp9XkghTEbV9KlPS1xUsZ3u7/IQO4wxtcFB4bgpQPRcR3QCvezPcQ=="],

    "xml-name-validator": ["xml-name-validator@5.0.0", "", {}, "sha512-EvGK8EJ3DhaHfbRlETOWAS5pO9MZITeauHKJyb8wyajUfQUenkIg2MvLDTZ4T/TgIcm3HU0TFBgWWboAZ30UHg=="],

    "xml-naming": ["xml-naming@0.1.0", "", {}, "sha512-k8KO9hrMyNk6tUWqUfkTEZbezRRpONVOzUTnc97VnCvyj6Tf9lyUR9EDAIeiVLv56jsMcoXEwjW8Kv5yPY52lw=="],

    "xmlchars": ["xmlchars@2.2.0", "", {}, "sha512-JZnDKK8B0RCDw84FNdDAIpZK+JuJw+s7Lz8nksI7SIuU3UXJJslUthsi+uWBUYOwPFwW7W7PRLRfUKpxjtjFCw=="],

    "yaml": ["yaml@2.8.3", "", { "bin": { "yaml": "bin.mjs" } }, "sha512-AvbaCLOO2Otw/lW5bmh9d/WEdcDFdQp2Z2ZUH3pX9U2ihyUY0nvLv7J6TrWowklRGPYbB/IuIMfYgxaCPg5Bpg=="],

    "@types/node/undici-types": ["undici-types@7.18.2", "", {}, "sha512-AsuCzffGHJybSaRrmr5eHr81mwJU3kjw6M+uprWvCXiNeN9SOGwQ3Jn8jb8m3Z6izVgknn1R0FTCEAP2QrLY/w=="],

    "rc/ini": ["ini@1.3.8", "", {}, "sha512-JV/yugV2uzW5iMRSiZAyDtQd+nxtUnjeLt0acNdw98kKLrvuRVyB80tsREOE7yvGVgalhZ6RNXCmEHkUKBKxew=="],
  }
}
